{
  "name": "adminho",
  "version": "1.0.0",
  "lockfileVersion": 1,
  "requires": true,
  "dependencies": {
    "@prettier/plugin-php": {
      "version": "0.14.0",
      "resolved": "https://registry.npmjs.org/@prettier/plugin-php/-/plugin-php-0.14.0.tgz",
      "integrity": "sha512-aUHD08hly/mBFMZlQbXZoA+k4DixiWZACLzT4Mz90qK6nlkw9TbPaby11m8OIwXcyUQRW6BeZ6hk209TbPxraQ==",
      "dev": true,
      "requires": {
        "linguist-languages": "^7.5.1",
        "mem": "^6.0.1",
        "php-parser": "3.0.0"
      }
    },
    "array-union": {
      "version": "1.0.2",
      "resolved": "https://registry.npmjs.org/array-union/-/array-union-1.0.2.tgz",
      "integrity": "sha1-mjRBDk9OPaI96jdb5b5w8kd47Dk=",
      "dev": true,
      "requires": {
        "array-uniq": "^1.0.1"
      }
    },
    "array-uniq": {
      "version": "1.0.3",
      "resolved": "https://registry.npmjs.org/array-uniq/-/array-uniq-1.0.3.tgz",
      "integrity": "sha1-r2rId6Jcx/dOBYiUdThY39sk/bY=",
      "dev": true
    },
    "async": {
      "version": "2.6.3",
      "resolved": "https://registry.npmjs.org/async/-/async-2.6.3.tgz",
      "integrity": "sha512-zflvls11DCy+dQWzTW2dzuilv8Z5X/pjfmZOWba6TNIVDm+2UDaJmXSOXlasHKfNBs8oo3M0aT50fDEWfKZjXg==",
      "dev": true,
      "requires": {
        "lodash": "^4.17.14"
      }
    },
    "balanced-match": {
      "version": "1.0.0",
      "resolved": "https://registry.npmjs.org/balanced-match/-/balanced-match-1.0.0.tgz",
      "integrity": "sha1-ibTRmasr7kneFk6gK4nORi1xt2c=",
      "dev": true
    },
    "brace-expansion": {
      "version": "1.1.11",
      "resolved": "https://registry.npmjs.org/brace-expansion/-/brace-expansion-1.1.11.tgz",
      "integrity": "sha512-iCuPHDFgrHX7H2vEI/5xpz07zSHB00TpugqhmYtVmMO6518mCuRMoOYFldEBl0g187ufozdaHgWKcYFb61qGiA==",
      "dev": true,
      "requires": {
        "balanced-match": "^1.0.0",
        "concat-map": "0.0.1"
      }
    },
    "cache-swap": {
      "version": "0.3.0",
      "resolved": "https://registry.npmjs.org/cache-swap/-/cache-swap-0.3.0.tgz",
      "integrity": "sha1-HFQaoQilAQb2ML3Zj+HeyLoTP1E=",
      "dev": true,
      "requires": {
        "graceful-fs": "^4.1.2",
        "mkdirp": "^0.5.1",
        "object-assign": "^4.0.1",
        "rimraf": "^2.4.0"
      }
    },
    "concat-map": {
      "version": "0.0.1",
      "resolved": "https://registry.npmjs.org/concat-map/-/concat-map-0.0.1.tgz",
      "integrity": "sha1-2Klr13/Wjfd5OnMDajug1UBdR3s=",
      "dev": true
    },
    "dir-glob": {
      "version": "2.2.2",
      "resolved": "https://registry.npmjs.org/dir-glob/-/dir-glob-2.2.2.tgz",
      "integrity": "sha512-f9LBi5QWzIW3I6e//uxZoLBlUt9kcp66qo0sSCxL6YZKc75R1c4MFCoe/LaZiBGmgujvQdxc5Bn3QhfyvK5Hsw==",
      "dev": true,
      "requires": {
        "path-type": "^3.0.0"
      }
    },
    "fs.realpath": {
      "version": "1.0.0",
      "resolved": "https://registry.npmjs.org/fs.realpath/-/fs.realpath-1.0.0.tgz",
      "integrity": "sha1-FQStJSMVjKpA20onh8sBQRmU6k8=",
      "dev": true
    },
    "glob": {
      "version": "7.1.6",
      "resolved": "https://registry.npmjs.org/glob/-/glob-7.1.6.tgz",
      "integrity": "sha512-LwaxwyZ72Lk7vZINtNNrywX0ZuLyStrdDtabefZKAY5ZGJhVtgdznluResxNmPitE0SAO+O26sWTHeKSI2wMBA==",
      "dev": true,
      "requires": {
        "fs.realpath": "^1.0.0",
        "inflight": "^1.0.4",
        "inherits": "2",
        "minimatch": "^3.0.4",
        "once": "^1.3.0",
        "path-is-absolute": "^1.0.0"
      }
    },
    "globby": {
      "version": "7.1.1",
      "resolved": "https://registry.npmjs.org/globby/-/globby-7.1.1.tgz",
      "integrity": "sha1-+yzP+UAfhgCUXfral0QMypcrhoA=",
      "dev": true,
      "requires": {
        "array-union": "^1.0.1",
        "dir-glob": "^2.0.0",
        "glob": "^7.1.2",
        "ignore": "^3.3.5",
        "pify": "^3.0.0",
        "slash": "^1.0.0"
      }
    },
    "graceful-fs": {
      "version": "4.2.4",
      "resolved": "https://registry.npmjs.org/graceful-fs/-/graceful-fs-4.2.4.tgz",
      "integrity": "sha512-WjKPNJF79dtJAVniUlGGWHYGz2jWxT6VhN/4m1NdkbZ2nOsEF+cI1Edgql5zCRhs/VsQYRvrXctxktVXZUkixw==",
      "dev": true
    },
    "ignore": {
      "version": "3.3.10",
      "resolved": "https://registry.npmjs.org/ignore/-/ignore-3.3.10.tgz",
      "integrity": "sha512-Pgs951kaMm5GXP7MOvxERINe3gsaVjUWFm+UZPSq9xYriQAksyhg0csnS0KXSNRD5NmNdapXEpjxG49+AKh/ug==",
      "dev": true
    },
    "inflight": {
      "version": "1.0.6",
      "resolved": "https://registry.npmjs.org/inflight/-/inflight-1.0.6.tgz",
      "integrity": "sha1-Sb1jMdfQLQwJvJEKEHW6gWW1bfk=",
      "dev": true,
      "requires": {
        "once": "^1.3.0",
        "wrappy": "1"
      }
    },
    "inherits": {
      "version": "2.0.4",
      "resolved": "https://registry.npmjs.org/inherits/-/inherits-2.0.4.tgz",
      "integrity": "sha512-k/vGaX4/Yla3WzyMCvTQOXYeIHvqOKtnqBduzTHpzpQZzAskKMhZ2K+EnBiSM9zGSoIFeMpXKxa4dYeZIQqewQ==",
      "dev": true
    },
    "linguist-languages": {
      "version": "7.9.0",
      "resolved": "https://registry.npmjs.org/linguist-languages/-/linguist-languages-7.9.0.tgz",
      "integrity": "sha512-saKTpS7BH8vOOwzrZNTkFL/DuT2JN7cg6oHWY8nAjt89+pV1qFcpbjEEcZdAv9ogc4DcxVFHkXmjeyU/DiFHQw==",
      "dev": true
    },
    "lodash": {
      "version": "4.17.19",
      "resolved": "https://registry.npmjs.org/lodash/-/lodash-4.17.19.tgz",
      "integrity": "sha512-JNvd8XER9GQX0v2qJgsaN/mzFCNA5BRe/j8JN9d+tWyGLSodKQHKFicdwNYzWwI3wjRnaKPsGj1XkBjx/F96DQ==",
      "dev": true
    },
    "map-age-cleaner": {
      "version": "0.1.3",
      "resolved": "https://registry.npmjs.org/map-age-cleaner/-/map-age-cleaner-0.1.3.tgz",
      "integrity": "sha512-bJzx6nMoP6PDLPBFmg7+xRKeFZvFboMrGlxmNj9ClvX53KrmvM5bXFXEWjbz4cz1AFn+jWJ9z/DJSz7hrs0w3w==",
      "dev": true,
      "requires": {
        "p-defer": "^1.0.0"
      }
    },
    "mem": {
      "version": "6.1.0",
      "resolved": "https://registry.npmjs.org/mem/-/mem-6.1.0.tgz",
      "integrity": "sha512-RlbnLQgRHk5lwqTtpEkBTQ2ll/CG/iB+J4Hy2Wh97PjgZgXgWJWrFF+XXujh3UUVLvR4OOTgZzcWMMwnehlEUg==",
      "dev": true,
      "requires": {
        "map-age-cleaner": "^0.1.3",
        "mimic-fn": "^3.0.0"
      }
    },
    "mimic-fn": {
      "version": "3.0.0",
      "resolved": "https://registry.npmjs.org/mimic-fn/-/mimic-fn-3.0.0.tgz",
      "integrity": "sha512-PiVO95TKvhiwgSwg1IdLYlCTdul38yZxZMIcnDSFIBUm4BNZha2qpQ4GpJ++15bHoKDtrW2D69lMfFwdFYtNZQ==",
      "dev": true
    },
    "minimatch": {
      "version": "3.0.4",
      "resolved": "https://registry.npmjs.org/minimatch/-/minimatch-3.0.4.tgz",
      "integrity": "sha512-yJHVQEhyqPLUTgt9B83PXu6W3rx4MvvHvSUvToogpwoGDOUQ+yDrR0HRot+yOCdCO7u4hX3pWft6kWBBcqh0UA==",
      "dev": true,
      "requires": {
        "brace-expansion": "^1.1.7"
      }
    },
    "minimist": {
      "version": "1.2.5",
      "resolved": "https://registry.npmjs.org/minimist/-/minimist-1.2.5.tgz",
      "integrity": "sha512-FM9nNUYrRBAELZQT3xeZQ7fmMOBg6nWNmJKTcgsJeaLstP/UODVpGsr5OhXhhXg6f+qtJ8uiZ+PUxkDWcgIXLw==",
      "dev": true
    },
    "mkdirp": {
      "version": "0.5.5",
      "resolved": "https://registry.npmjs.org/mkdirp/-/mkdirp-0.5.5.tgz",
      "integrity": "sha512-NKmAlESf6jMGym1++R0Ra7wvhV+wFW63FaSOFPwRahvea0gMUcGUhVeAg/0BC0wiv9ih5NYPB1Wn1UEI1/L+xQ==",
      "dev": true,
      "requires": {
        "minimist": "^1.2.5"
      }
    },
    "object-assign": {
      "version": "4.1.1",
      "resolved": "https://registry.npmjs.org/object-assign/-/object-assign-4.1.1.tgz",
      "integrity": "sha1-IQmtx5ZYh8/AXLvUQsrIv7s2CGM=",
      "dev": true
    },
    "once": {
      "version": "1.4.0",
      "resolved": "https://registry.npmjs.org/once/-/once-1.4.0.tgz",
      "integrity": "sha1-WDsap3WWHUsROsF9nFC6753Xa9E=",
      "dev": true,
      "requires": {
        "wrappy": "1"
      }
    },
    "p-defer": {
      "version": "1.0.0",
      "resolved": "https://registry.npmjs.org/p-defer/-/p-defer-1.0.0.tgz",
      "integrity": "sha1-n26xgvbJqozXQwBKfU+WsZaw+ww=",
      "dev": true
    },
    "path-is-absolute": {
      "version": "1.0.1",
      "resolved": "https://registry.npmjs.org/path-is-absolute/-/path-is-absolute-1.0.1.tgz",
      "integrity": "sha1-F0uSaHNVNP+8es5r9TpanhtcX18=",
      "dev": true
    },
    "path-type": {
      "version": "3.0.0",
      "resolved": "https://registry.npmjs.org/path-type/-/path-type-3.0.0.tgz",
      "integrity": "sha512-T2ZUsdZFHgA3u4e5PfPbjd7HDDpxPnQb5jN0SrDsjNSuVXHJqtwTnWqG0B1jZrgmJ/7lj1EmVIByWt1gxGkWvg==",
      "dev": true,
      "requires": {
        "pify": "^3.0.0"
      }
    },
    "php-parser": {
      "version": "3.0.0",
      "resolved": "https://registry.npmjs.org/php-parser/-/php-parser-3.0.0.tgz",
      "integrity": "sha512-WqGNf8Y5LBOXKJz9eKMwxjqfJ7KnwVU7DH3ebPTaOLlPtVrig++zG8KoOXywY9V9jQxY+wOY0EtC/e+wamaxsQ==",
      "dev": true
    },
    "phplint": {
      "version": "2.0.1",
      "resolved": "https://registry.npmjs.org/phplint/-/phplint-2.0.1.tgz",
      "integrity": "sha512-M5DBg2SiRCqV0+dXZootGh6i5RJGGopIKmR6yyqORlQ7JswJlqncW/Wrv7yTWdgZAZTu2+7x9Qn/aJBHavQ4Pw==",
      "dev": true,
      "requires": {
        "async": "^2.6.0",
        "cache-swap": "^0.3.0",
        "globby": "^7.1.1"
      }
    },
    "pify": {
      "version": "3.0.0",
      "resolved": "https://registry.npmjs.org/pify/-/pify-3.0.0.tgz",
      "integrity": "sha1-5aSs0sEB/fPZpNB/DbxNtJ3SgXY=",
      "dev": true
    },
    "prettier": {
      "version": "2.0.5",
      "resolved": "https://registry.npmjs.org/prettier/-/prettier-2.0.5.tgz",
      "integrity": "sha512-7PtVymN48hGcO4fGjybyBSIWDsLU4H4XlvOHfq91pz9kkGlonzwTfYkaIEwiRg/dAJF9YlbsduBAgtYLi+8cFg==",
      "dev": true
    },
    "rimraf": {
      "version": "2.7.1",
      "resolved": "https://registry.npmjs.org/rimraf/-/rimraf-2.7.1.tgz",
      "integrity": "sha512-uWjbaKIK3T1OSVptzX7Nl6PvQ3qAGtKEtVRjRuazjfL3Bx5eI409VZSqgND+4UNnmzLVdPj9FqFJNPqBZFve4w==",
      "dev": true,
      "requires": {
        "glob": "^7.1.3"
      }
    },
    "slash": {
      "version": "1.0.0",
      "resolved": "https://registry.npmjs.org/slash/-/slash-1.0.0.tgz",
      "integrity": "sha1-xB8vbDn8FtHNF61LXYlhFK5HDVU=",
      "dev": true
    },
    "wrappy": {
      "version": "1.0.2",
      "resolved": "https://registry.npmjs.org/wrappy/-/wrappy-1.0.2.tgz",
      "integrity": "sha1-tSQ9jz7BqjXxNkYFvA0QNuMKtp8=",
      "dev": true
    }
  }
}
